
Microsoft Visual Studio Solution File, Format Version 12.00
# Visual Studio Version 17
VisualStudioVersion = 17.0.31912.275
MinimumVisualStudioVersion = 10.0.40219.1
Project("{FAE04EC0-301F-11D3-BF4B-00C04F79EFBC}") = "Snake", "Snake\Snake.csproj", "{F38E6426-B6D1-4BFC-8876-CF1D28387282}"
EndProject
Global
	GlobalSection(SolutionConfigurationPlatforms) = preSolution
		Debug|Any CPU = Debug|Any CPU
		Release|Any CPU = Release|Any CPU
	EndGlobalSection
	GlobalSection(ProjectConfigurationPlatforms) = postSolution
		{F38E6426-B6D1-4BFC-8876-CF1D28387282}.Debug|Any CPU.ActiveCfg = Debug|Any CPU
		{F38E6426-B6D1-4BFC-8876-CF1D28387282}.Debug|Any CPU.Build.0 = Debug|Any CPU
		{F38E6426-B6D1-4BFC-8876-CF1D28387282}.Release|Any CPU.ActiveCfg = Release|Any CPU
		{F38E6426-B6D1-4BFC-8876-CF1D28387282}.Release|Any CPU.Build.0 = Release|Any CPU
	EndGlobalSection
	GlobalSection(SolutionProperties) = preSolution
		HideSolutionNode = FALSE
	EndGlobalSection
	GlobalSection(ExtensibilityGlobals) = postSolution
		SolutionGuid = {63770757-F5B8-444D-B726-651B77F3C2F8}
	EndGlobalSection
EndGlobal
